
Microsoft Visual Studio Solution File, Format Version 12.00
# Visual Studio Version 17
VisualStudioVersion = 17.7.34024.191
MinimumVisualStudioVersion = 10.0.40219.1
Project("{9A19103F-16F7-4668-BE54-9A1E7A4F7556}") = "HelperConsole", "HelperConsole\HelperConsole.csproj", "{BCF4F1B6-2A86-4242-BA3F-2062E1A4F615}"
EndProject
Global
	GlobalSection(SolutionConfigurationPlatforms) = preSolution
		Debug|Any CPU = Debug|Any CPU
		Release|Any CPU = Release|Any CPU
	EndGlobalSection
	GlobalSection(ProjectConfigurationPlatforms) = postSolution
		{BCF4F1B6-2A86-4242-BA3F-2062E1A4F615}.Debug|Any CPU.ActiveCfg = Debug|Any CPU
		{BCF4F1B6-2A86-4242-BA3F-2062E1A4F615}.Debug|Any CPU.Build.0 = Debug|Any CPU
		{BCF4F1B6-2A86-4242-BA3F-2062E1A4F615}.Release|Any CPU.ActiveCfg = Release|Any CPU
		{BCF4F1B6-2A86-4242-BA3F-2062E1A4F615}.Release|Any CPU.Build.0 = Release|Any CPU
	EndGlobalSection
	GlobalSection(SolutionProperties) = preSolution
		HideSolutionNode = FALSE
	EndGlobalSection
	GlobalSection(ExtensibilityGlobals) = postSolution
		SolutionGuid = {E4B3258F-9CED-4B1E-BCD3-C642BD2D0EF2}
	EndGlobalSection
EndGlobal
